
Microsoft Visual Studio Solution File, Format Version 12.00
# Visual Studio Version 16
VisualStudioVersion = 16.0.32602.291
MinimumVisualStudioVersion = 10.0.40219.1
Project("{FAE04EC0-301F-11D3-BF4B-00C04F79EFBC}") = "AdaApplication.Android", "AdaApplication\AdaApplication.Android\AdaApplication.Android.csproj", "{E9895383-41E9-4136-A3EC-28B39F4A2F28}"
EndProject
Project("{FAE04EC0-301F-11D3-BF4B-00C04F79EFBC}") = "AdaApplication.iOS", "AdaApplication\AdaApplication.iOS\AdaApplication.iOS.csproj", "{7829AE90-60BE-4708-84D6-4E854497440D}"
EndProject
Project("{FAE04EC0-301F-11D3-BF4B-00C04F79EFBC}") = "AdaApplication", "AdaApplication\AdaApplication\AdaApplication.csproj", "{D79512E8-9923-4B54-9EA9-AFEE51909665}"
EndProject
Global
	GlobalSection(SolutionConfigurationPlatforms) = preSolution
		Debug|Any CPU = Debug|Any CPU
		Debug|iPhone = Debug|iPhone
		Debug|iPhoneSimulator = Debug|iPhoneSimulator
		Release|Any CPU = Release|Any CPU
		Release|iPhone = Release|iPhone
		Release|iPhoneSimulator = Release|iPhoneSimulator
	EndGlobalSection
	GlobalSection(ProjectConfigurationPlatforms) = postSolution
		{E9895383-41E9-4136-A3EC-28B39F4A2F28}.Debug|Any CPU.ActiveCfg = Debug|Any CPU
		{E9895383-41E9-4136-A3EC-28B39F4A2F28}.Debug|Any CPU.Build.0 = Debug|Any CPU
		{E9895383-41E9-4136-A3EC-28B39F4A2F28}.Debug|Any CPU.Deploy.0 = Debug|Any CPU
		{E9895383-41E9-4136-A3EC-28B39F4A2F28}.Debug|iPhone.ActiveCfg = Debug|Any CPU
		{E9895383-41E9-4136-A3EC-28B39F4A2F28}.Debug|iPhone.Build.0 = Debug|Any CPU
		{E9895383-41E9-4136-A3EC-28B39F4A2F28}.Debug|iPhone.Deploy.0 = Debug|Any CPU
		{E9895383-41E9-4136-A3EC-28B39F4A2F28}.Debug|iPhoneSimulator.ActiveCfg = Debug|Any CPU
		{E9895383-41E9-4136-A3EC-28B39F4A2F28}.Debug|iPhoneSimulator.Build.0 = Debug|Any CPU
		{E9895383-41E9-4136-A3EC-28B39F4A2F28}.Debug|iPhoneSimulator.Deploy.0 = Debug|Any CPU
		{E9895383-41E9-4136-A3EC-28B39F4A2F28}.Release|Any CPU.ActiveCfg = Release|Any CPU
		{E9895383-41E9-4136-A3EC-28B39F4A2F28}.Release|Any CPU.Build.0 = Release|Any CPU
		{E9895383-41E9-4136-A3EC-28B39F4A2F28}.Release|Any CPU.Deploy.0 = Release|Any CPU
		{E9895383-41E9-4136-A3EC-28B39F4A2F28}.Release|iPhone.ActiveCfg = Release|Any CPU
		{E9895383-41E9-4136-A3EC-28B39F4A2F28}.Release|iPhone.Build.0 = Release|Any CPU
		{E9895383-41E9-4136-A3EC-28B39F4A2F28}.Release|iPhone.Deploy.0 = Release|Any CPU
		{E9895383-41E9-4136-A3EC-28B39F4A2F28}.Release|iPhoneSimulator.ActiveCfg = Release|Any CPU
		{E9895383-41E9-4136-A3EC-28B39F4A2F28}.Release|iPhoneSimulator.Build.0 = Release|Any CPU
		{E9895383-41E9-4136-A3EC-28B39F4A2F28}.Release|iPhoneSimulator.Deploy.0 = Release|Any CPU
		{7829AE90-60BE-4708-84D6-4E854497440D}.Debug|Any CPU.ActiveCfg = Debug|iPhone
		{7829AE90-60BE-4708-84D6-4E854497440D}.Debug|Any CPU.Build.0 = Debug|iPhone
		{7829AE90-60BE-4708-84D6-4E854497440D}.Debug|Any CPU.Deploy.0 = Debug|iPhone
		{7829AE90-60BE-4708-84D6-4E854497440D}.Debug|iPhone.ActiveCfg = Debug|iPhone
		{7829AE90-60BE-4708-84D6-4E854497440D}.Debug|iPhone.Build.0 = Debug|iPhone
		{7829AE90-60BE-4708-84D6-4E854497440D}.Debug|iPhone.Deploy.0 = Debug|iPhone
		{7829AE90-60BE-4708-84D6-4E854497440D}.Debug|iPhoneSimulator.ActiveCfg = Debug|iPhoneSimulator
		{7829AE90-60BE-4708-84D6-4E854497440D}.Debug|iPhoneSimulator.Build.0 = Debug|iPhoneSimulator
		{7829AE90-60BE-4708-84D6-4E854497440D}.Debug|iPhoneSimulator.Deploy.0 = Debug|iPhoneSimulator
		{7829AE90-60BE-4708-84D6-4E854497440D}.Release|Any CPU.ActiveCfg = Release|iPhoneSimulator
		{7829AE90-60BE-4708-84D6-4E854497440D}.Release|Any CPU.Build.0 = Release|iPhoneSimulator
		{7829AE90-60BE-4708-84D6-4E854497440D}.Release|Any CPU.Deploy.0 = Release|iPhoneSimulator
		{7829AE90-60BE-4708-84D6-4E854497440D}.Release|iPhone.ActiveCfg = Release|iPhone
		{7829AE90-60BE-4708-84D6-4E854497440D}.Release|iPhone.Build.0 = Release|iPhone
		{7829AE90-60BE-4708-84D6-4E854497440D}.Release|iPhone.Deploy.0 = Release|iPhone
		{7829AE90-60BE-4708-84D6-4E854497440D}.Release|iPhoneSimulator.ActiveCfg = Release|iPhoneSimulator
		{7829AE90-60BE-4708-84D6-4E854497440D}.Release|iPhoneSimulator.Build.0 = Release|iPhoneSimulator
		{7829AE90-60BE-4708-84D6-4E854497440D}.Release|iPhoneSimulator.Deploy.0 = Release|iPhoneSimulator
		{D79512E8-9923-4B54-9EA9-AFEE51909665}.Debug|Any CPU.ActiveCfg = Debug|Any CPU
		{D79512E8-9923-4B54-9EA9-AFEE51909665}.Debug|Any CPU.Build.0 = Debug|Any CPU
		{D79512E8-9923-4B54-9EA9-AFEE51909665}.Debug|Any CPU.Deploy.0 = Debug|Any CPU
		{D79512E8-9923-4B54-9EA9-AFEE51909665}.Debug|iPhone.ActiveCfg = Debug|Any CPU
		{D79512E8-9923-4B54-9EA9-AFEE51909665}.Debug|iPhone.Build.0 = Debug|Any CPU
		{D79512E8-9923-4B54-9EA9-AFEE51909665}.Debug|iPhone.Deploy.0 = Debug|Any CPU
		{D79512E8-9923-4B54-9EA9-AFEE51909665}.Debug|iPhoneSimulator.ActiveCfg = Debug|Any CPU
		{D79512E8-9923-4B54-9EA9-AFEE51909665}.Debug|iPhoneSimulator.Build.0 = Debug|Any CPU
		{D79512E8-9923-4B54-9EA9-AFEE51909665}.Debug|iPhoneSimulator.Deploy.0 = Debug|Any CPU
		{D79512E8-9923-4B54-9EA9-AFEE51909665}.Release|Any CPU.ActiveCfg = Release|Any CPU
		{D79512E8-9923-4B54-9EA9-AFEE51909665}.Release|Any CPU.Build.0 = Release|Any CPU
		{D79512E8-9923-4B54-9EA9-AFEE51909665}.Release|Any CPU.Deploy.0 = Release|Any CPU
		{D79512E8-9923-4B54-9EA9-AFEE51909665}.Release|iPhone.ActiveCfg = Release|Any CPU
		{D79512E8-9923-4B54-9EA9-AFEE51909665}.Release|iPhone.Build.0 = Release|Any CPU
		{D79512E8-9923-4B54-9EA9-AFEE51909665}.Release|iPhone.Deploy.0 = Release|Any CPU
		{D79512E8-9923-4B54-9EA9-AFEE51909665}.Release|iPhoneSimulator.ActiveCfg = Release|Any CPU
		{D79512E8-9923-4B54-9EA9-AFEE51909665}.Release|iPhoneSimulator.Build.0 = Release|Any CPU
		{D79512E8-9923-4B54-9EA9-AFEE51909665}.Release|iPhoneSimulator.Deploy.0 = Release|Any CPU
	EndGlobalSection
	GlobalSection(SolutionProperties) = preSolution
		HideSolutionNode = FALSE
	EndGlobalSection
	GlobalSection(ExtensibilityGlobals) = postSolution
		SolutionGuid = {29300471-62D7-49F8-AB30-AF6BA7C74C76}
	EndGlobalSection
EndGlobal
